dependencies:
- name: eazybank-common
  repository: file://../../eazybank-common
  version: 0.1.0
- name: configserver
  repository: file://../../eazybank-services/configserver
  version: 0.1.0
- name: accounts
  repository: file://../../eazybank-services/accounts
  version: 0.1.0
- name: cards
  repository: file://../../eazybank-services/cards
  version: 0.1.0
- name: loans
  repository: file://../../eazybank-services/loans
  version: 0.1.0
- name: gatewayserver
  repository: file://../../eazybank-services/gatewayserver
  version: 0.1.0
digest: sha256:f4440d8f584f79c1258d88fbf448de1e40a1303ec62e5a1e2f66e6b3a6752519
generated: "2024-10-18T16:55:05.9057804+04:00"
